#MicroXplorer Configuration settings - do not modify
Mcu.Family=STM32WL
ProjectManager.MainLocation=Core/Src
PC15-OSC32_OUT.Mode=LSE-External-Oscillator
I2C2.IPParameters=I2C_Speed_Mode,Timing
RCC.PLLQoutputFreq_Value=192000000
RCC.USART1Freq_Value=48000000
ProjectManager.ProjectFileName=LoRa_E5_OLED.ioc
RCC.CortexFreq_Value=48000000
ProjectManager.KeepUserCode=true
Mcu.UserName=STM32WLE5JCIx
Mcu.PinsNb=12
ProjectManager.NoMain=false
RCC.HCLK3Freq_Value=48000000
PCC.SUBGHZ.OptionalSettings=false
PA9.GPIO_Label=EN_3V3
I2C2.Timing=0x20000209
PA0.GPIO_Label=BTN
ProjectManager.functionlistsort=1-MX_GPIO_Init-GPIO-false-HAL-true,2-SystemClock_Config-RCC-false-HAL-false,3-MX_I2C2_Init-I2C2-false-HAL-true,4-MX_USART1_UART_Init-USART1-false-HAL-true
PA9.GPIOParameters=GPIO_Label
SH.GPXTI0.ConfNb=1
ProjectManager.DefaultFWLocation=true
PCC.SUBGHZ.RxBoosted=false
RCC.USART2Freq_Value=48000000
ProjectManager.DeletePrevious=true
USART1.IPParameters=VirtualMode-Asynchronous
PC14-OSC32_IN.Signal=RCC_OSC32_IN
PB15.Signal=I2C2_SCL
PinOutPanel.RotationAngle=0
PinOutPanel.CurrentBGAView=Top
RCC.FamilyName=M
RCC.MCO1PinFreq_Value=48000000
ProjectManager.StackSize=0x400
PB5.GPIOParameters=GPIO_Label
PCC.SUBGHZ.Output.Power=14
RCC.I2C3Freq_Value=48000000
RCC.LPTIM1Freq_Value=48000000
USART1.VirtualMode-Asynchronous=VM_ASYNC
Mcu.IP4=USART1
RCC.FCLKCortexFreq_Value=48000000
PCC.SUBGHZ.FrequencyBand=High
NVIC.SVCall_IRQn=true\:0\:0\:false\:false\:true\:false\:false
Mcu.IP2=RCC
Mcu.IP3=SYS
Mcu.IP0=I2C2
PA15.Locked=true
Mcu.IP1=NVIC
Mcu.UserConstants=
ProjectManager.TargetToolchain=STM32CubeIDE
Mcu.ThirdPartyNb=0
PB0-VDD_TCXO.Mode=HSE-TCXO
RCC.HCLKFreq_Value=48000000
Mcu.IPNb=5
ProjectManager.PreviousToolchain=
I2C2.I2C_Speed_Mode=I2C_Fast_Plus
RCC.APB2TimFreq_Value=48000000
PA9.Signal=GPIO_Output
PB6.Signal=USART1_TX
PB5.Locked=true
PB6.Mode=Asynchronous
Mcu.Pin6=PA0
Mcu.Pin7=PB6
ProjectManager.RegisterCallBack=
Mcu.Pin8=PA9
OSC_IN.Signal=RCC_OSC_IN
Mcu.Pin9=PB0-VDD_TCXO
RCC.LSE_VALUE=32768
PC15-OSC32_OUT.Signal=RCC_OSC32_OUT
RCC.AHBFreq_Value=48000000
Mcu.Pin0=PA15
Mcu.Pin1=PB15
GPIO.groupedBy=Group By Peripherals
Mcu.Pin2=PC14-OSC32_IN
Mcu.Pin3=PB7
Mcu.Pin4=PC15-OSC32_OUT
Mcu.Pin5=PB5
ProjectManager.ProjectBuild=false
RCC.HSE_VALUE=8000000
NVIC.UsageFault_IRQn=true\:0\:0\:false\:false\:true\:false\:false
PA0.Locked=true
NVIC.DebugMonitor_IRQn=true\:0\:0\:false\:false\:true\:false\:false
board=custom
RCC.VCOOutputFreq_Value=384000000
PA15.Mode=I2C
NVIC.SysTick_IRQn=true\:0\:0\:false\:false\:true\:false\:true
ProjectManager.LastFirmware=true
PCC.SUBGHZ.SMPS=Off
PB15.Mode=I2C
RCC.LPTIM3Freq_Value=48000000
ProjectManager.FirmwarePackage=STM32Cube FW_WL V1.0.0
MxDb.Version=DB.6.0.21
RCC.APB2Freq_Value=48000000
ProjectManager.BackupPrevious=false
MxCube.Version=6.2.1
PC14-OSC32_IN.Mode=LSE-External-Oscillator
RCC.VCOInputFreq_Value=48000000
RCC.I2C1Freq_Value=48000000
RCC.RNGFreq_Value=32000
File.Version=6
VP_SYS_VS_Systick.Mode=SysTick
PB7.Signal=USART1_RX
PA9.Locked=true
NVIC.NonMaskableInt_IRQn=true\:0\:0\:false\:false\:true\:false\:false
RCC.PLLRCLKFreq_Value=192000000
PB6.Locked=true
NVIC.PendSV_IRQn=true\:0\:0\:false\:false\:true\:false\:false
PB0-VDD_TCXO.Signal=VDDTCXO
ProjectManager.FreePins=false
RCC.IPParameters=AHBFreq_Value,APB1Freq_Value,APB1TimFreq_Value,APB2Freq_Value,APB2TimFreq_Value,APB3Freq_Value,CortexFreq_Value,FCLKCortexFreq_Value,FamilyName,HCLK3Freq_Value,HCLKFreq_Value,HSE_VALUE,HSI_VALUE,I2C1Freq_Value,I2C2Freq_Value,I2C3Freq_Value,I2S2Freq_Value,LPTIM1Freq_Value,LPTIM2Freq_Value,LPTIM3Freq_Value,LPUART1Freq_Value,LSCOPinFreq_Value,LSE_VALUE,MCO1PinFreq_Value,MSIClockRange,PLLPoutputFreq_Value,PLLQoutputFreq_Value,PLLRCLKFreq_Value,PWRFreq_Value,RNGFreq_Value,SYSCLKFreq_VALUE,USART1Freq_Value,USART2Freq_Value,VCOInputFreq_Value,VCOOutputFreq_Value
ProjectManager.AskForMigrate=true
Mcu.Name=STM32WLE5JCIx
RCC.LPTIM2Freq_Value=48000000
ProjectManager.HalAssertFull=false
ProjectManager.ProjectName=LoRa_E5_OLED
ProjectManager.UnderRoot=true
PA0.Signal=GPXTI0
RCC.APB3Freq_Value=48000000
ProjectManager.CoupleFile=true
NVIC.EXTI0_IRQn=true\:0\:0\:false\:false\:true\:true\:true
RCC.SYSCLKFreq_VALUE=48000000
PB5.Signal=GPIO_Output
Mcu.Package=UFBGA73
RCC.I2S2Freq_Value=16000000
NVIC.ForceEnableDMAVector=true
KeepUserPlacement=false
OSC_IN.Mode=HSE-TCXO
NVIC.MemoryManagement_IRQn=true\:0\:0\:false\:false\:true\:false\:false
ProjectManager.CompilerOptimize=6
PA0.GPIO_PuPd=GPIO_PULLUP
ProjectManager.ToolChainLocation=
VP_SYS_VS_Systick.Signal=SYS_VS_Systick
SH.GPXTI0.0=GPIO_EXTI0
PB7.Mode=Asynchronous
RCC.LSCOPinFreq_Value=32000
PA15.Signal=I2C2_SDA
ProjectManager.HeapSize=0x200
PCC.SUBGHZ.Modulation=FSK
PA0.GPIOParameters=GPIO_PuPd,GPIO_Label
NVIC.HardFault_IRQn=true\:0\:0\:false\:false\:true\:false\:false
ProjectManager.ComputerToolchain=false
RCC.HSI_VALUE=16000000
NVIC.PriorityGroup=NVIC_PRIORITYGROUP_4
Mcu.Pin11=VP_SYS_VS_Systick
PB5.GPIO_Label=LED
RCC.PLLPoutputFreq_Value=192000000
Mcu.Pin10=OSC_IN
PB7.Locked=true
RCC.APB1TimFreq_Value=48000000
NVIC.BusFault_IRQn=true\:0\:0\:false\:false\:true\:false\:false
RCC.PWRFreq_Value=48000000
RCC.LPUART1Freq_Value=48000000
RCC.I2C2Freq_Value=48000000
RCC.APB1Freq_Value=48000000
ProjectManager.CustomerFirmwarePackage=
ProjectManager.DeviceId=STM32WLE5JCIx
RCC.MSIClockRange=RCC_MSIRANGE_11
ProjectManager.LibraryCopy=1
PCC.SUBGHZ.PowerAmplifier=Low Power
PB15.Locked=true
isbadioc=false
