#MicroXplorer Configuration settings - do not modify
Mcu.Family=STM32WL
ProjectManager.MainLocation=Core/Src
PC15-OSC32_OUT.Mode=LSE-External-Oscillator
RCC.PLLQoutputFreq_Value=16000000
ProjectManager.ProjectFileName=LoRa_E5_LM75_UART.ioc
ProjectManager.KeepUserCode=true
Mcu.UserName=STM32WLE5JCIx
Mcu.PinsNb=10
ProjectManager.NoMain=false
PCC.SUBGHZ.OptionalSettings=false
PA9.GPIO_Label=EN_3V3
ProjectManager.functionlistsort=1-MX_GPIO_Init-GPIO-false-HAL-true,2-SystemClock_Config-RCC-false-HAL-false,3-MX_I2C2_Init-I2C2-false-HAL-true,4-MX_USART1_UART_Init-USART1-false-HAL-true
PA9.GPIOParameters=GPIO_Label
ProjectManager.DefaultFWLocation=true
PCC.SUBGHZ.RxBoosted=false
ProjectManager.DeletePrevious=true
USART1.IPParameters=VirtualMode-Asynchronous,AutoBaudRateEnableParam
PC14-OSC32_IN.Signal=RCC_OSC32_IN
PB15.Signal=I2C2_SCL
PinOutPanel.RotationAngle=0
PinOutPanel.CurrentBGAView=Top
RCC.FamilyName=M
ProjectManager.StackSize=0x400
PCC.SUBGHZ.Output.Power=14
USART1.VirtualMode-Asynchronous=VM_ASYNC
Mcu.IP4=USART1
PCC.SUBGHZ.FrequencyBand=High
Mcu.IP2=RCC
NVIC.SVCall_IRQn=true\:0\:0\:false\:false\:true\:false\:false
Mcu.IP3=SYS
Mcu.IP0=I2C2
Mcu.IP1=NVIC
PA15.Locked=true
Mcu.UserConstants=
ProjectManager.TargetToolchain=STM32CubeIDE
Mcu.ThirdPartyNb=0
PB0-VDD_TCXO.Mode=HSE-TCXO
Mcu.IPNb=5
ProjectManager.PreviousToolchain=
PA9.Signal=GPIO_Output
PB6.Signal=USART1_TX
PB6.Mode=Asynchronous
Mcu.Pin6=PA9
Mcu.Pin7=PB0-VDD_TCXO
ProjectManager.RegisterCallBack=
OSC_IN.Signal=RCC_OSC_IN
Mcu.Pin8=OSC_IN
Mcu.Pin9=VP_SYS_VS_Systick
RCC.LSE_VALUE=32768
PC15-OSC32_OUT.Signal=RCC_OSC32_OUT
Mcu.Pin0=PA15
Mcu.Pin1=PB15
GPIO.groupedBy=Group By Peripherals
Mcu.Pin2=PC14-OSC32_IN
Mcu.Pin3=PB7
Mcu.Pin4=PC15-OSC32_OUT
Mcu.Pin5=PB6
ProjectManager.ProjectBuild=false
RCC.HSE_VALUE=8000000
NVIC.UsageFault_IRQn=true\:0\:0\:false\:false\:true\:false\:false
NVIC.DebugMonitor_IRQn=true\:0\:0\:false\:false\:true\:false\:false
board=custom
RCC.VCOOutputFreq_Value=32000000
PA15.Mode=I2C
NVIC.SysTick_IRQn=true\:0\:0\:false\:false\:true\:false\:true
ProjectManager.LastFirmware=true
PCC.SUBGHZ.SMPS=Off
PB15.Mode=I2C
ProjectManager.FirmwarePackage=STM32Cube FW_WL V1.0.0
MxDb.Version=DB.6.0.21
ProjectManager.BackupPrevious=false
MxCube.Version=6.2.1
PC14-OSC32_IN.Mode=LSE-External-Oscillator
RCC.VCOInputFreq_Value=4000000
RCC.RNGFreq_Value=32000
File.Version=6
VP_SYS_VS_Systick.Mode=SysTick
PB7.Signal=USART1_RX
PA9.Locked=true
NVIC.NonMaskableInt_IRQn=true\:0\:0\:false\:false\:true\:false\:false
RCC.PLLRCLKFreq_Value=16000000
NVIC.PendSV_IRQn=true\:0\:0\:false\:false\:true\:false\:false
PB6.Locked=true
PB0-VDD_TCXO.Signal=VDDTCXO
ProjectManager.FreePins=false
RCC.IPParameters=FamilyName,HSE_VALUE,HSI_VALUE,I2S2Freq_Value,LSCOPinFreq_Value,LSE_VALUE,PLLPoutputFreq_Value,PLLQoutputFreq_Value,PLLRCLKFreq_Value,RNGFreq_Value,VCOInputFreq_Value,VCOOutputFreq_Value
ProjectManager.AskForMigrate=true
Mcu.Name=STM32WLE5JCIx
ProjectManager.HalAssertFull=false
ProjectManager.ProjectName=LoRa_E5_LM75_UART
ProjectManager.UnderRoot=true
ProjectManager.CoupleFile=true
Mcu.Package=UFBGA73
RCC.I2S2Freq_Value=16000000
NVIC.ForceEnableDMAVector=true
KeepUserPlacement=false
USART1.AutoBaudRateEnableParam=UART_ADVFEATURE_AUTOBAUDRATE_ENABLE
OSC_IN.Mode=HSE-TCXO
NVIC.MemoryManagement_IRQn=true\:0\:0\:false\:false\:true\:false\:false
ProjectManager.CompilerOptimize=6
ProjectManager.ToolChainLocation=
VP_SYS_VS_Systick.Signal=SYS_VS_Systick
PB7.Mode=Asynchronous
RCC.LSCOPinFreq_Value=32000
PA15.Signal=I2C2_SDA
ProjectManager.HeapSize=0x200
PCC.SUBGHZ.Modulation=FSK
NVIC.HardFault_IRQn=true\:0\:0\:false\:false\:true\:false\:false
ProjectManager.ComputerToolchain=false
RCC.HSI_VALUE=16000000
NVIC.PriorityGroup=NVIC_PRIORITYGROUP_4
RCC.PLLPoutputFreq_Value=16000000
PB7.Locked=true
NVIC.BusFault_IRQn=true\:0\:0\:false\:false\:true\:false\:false
ProjectManager.CustomerFirmwarePackage=
ProjectManager.DeviceId=STM32WLE5JCIx
ProjectManager.LibraryCopy=1
PCC.SUBGHZ.PowerAmplifier=Low Power
PB15.Locked=true
isbadioc=false
