#MicroXplorer Configuration settings - do not modify
Mcu.Family=STM32WL
ProjectManager.MainLocation=Core/Src
PC15-OSC32_OUT.Mode=LSE-External-Oscillator
RCC.PLLQoutputFreq_Value=16000000
ProjectManager.ProjectFileName=LoRa_E5_LED_BUTTON.ioc
ProjectManager.KeepUserCode=true
Mcu.UserName=STM32WLE5JCIx
Mcu.PinsNb=9
ProjectManager.NoMain=false
PCC.SUBGHZ.OptionalSettings=false
PA0.GPIO_Label=BTN
ProjectManager.functionlistsort=1-MX_GPIO_Init-GPIO-false-HAL-true,2-SystemClock_Config-RCC-false-HAL-false
SH.GPXTI0.ConfNb=1
ProjectManager.DefaultFWLocation=true
PCC.SUBGHZ.RxBoosted=false
ProjectManager.DeletePrevious=true
PC14-OSC32_IN.Signal=RCC_OSC32_IN
PinOutPanel.RotationAngle=0
PinOutPanel.CurrentBGAView=Top
RCC.FamilyName=M
ProjectManager.StackSize=0x400
PB5.GPIOParameters=PinState,GPIO_PuPd,GPIO_Label
PCC.SUBGHZ.Output.Power=14
PA13.Signal=DEBUG_JTMS-SWDIO
PCC.SUBGHZ.FrequencyBand=High
Mcu.IP2=RCC
NVIC.SVCall_IRQn=true\:0\:0\:false\:false\:true\:false\:false
Mcu.IP3=SYS
Mcu.IP0=DEBUG
Mcu.IP1=NVIC
Mcu.UserConstants=
ProjectManager.TargetToolchain=STM32CubeIDE
Mcu.ThirdPartyNb=0
PB0-VDD_TCXO.Mode=HSE-TCXO
Mcu.IPNb=4
ProjectManager.PreviousToolchain=
PB5.PinState=GPIO_PIN_RESET
PB5.Locked=true
Mcu.Pin6=PB0-VDD_TCXO
Mcu.Pin7=OSC_IN
ProjectManager.RegisterCallBack=
OSC_IN.Signal=RCC_OSC_IN
Mcu.Pin8=VP_SYS_VS_Systick
RCC.LSE_VALUE=32768
PC15-OSC32_OUT.Signal=RCC_OSC32_OUT
Mcu.Pin0=PA14
Mcu.Pin1=PC14-OSC32_IN
GPIO.groupedBy=Group By Peripherals
Mcu.Pin2=PA13
Mcu.Pin3=PC15-OSC32_OUT
Mcu.Pin4=PB5
Mcu.Pin5=PA0
ProjectManager.ProjectBuild=false
RCC.HSE_VALUE=8000000
NVIC.UsageFault_IRQn=true\:0\:0\:false\:false\:true\:false\:false
PA0.Locked=true
NVIC.DebugMonitor_IRQn=true\:0\:0\:false\:false\:true\:false\:false
board=custom
RCC.VCOOutputFreq_Value=32000000
NVIC.SysTick_IRQn=true\:0\:0\:false\:false\:true\:false\:true
ProjectManager.LastFirmware=true
PCC.SUBGHZ.SMPS=Off
ProjectManager.FirmwarePackage=STM32Cube FW_WL V1.0.0
MxDb.Version=DB.6.0.21
ProjectManager.BackupPrevious=false
MxCube.Version=6.2.1
PC14-OSC32_IN.Mode=LSE-External-Oscillator
RCC.VCOInputFreq_Value=4000000
PA14.Mode=Serial_Wire
PA0.GPIO_ModeDefaultEXTI=GPIO_MODE_IT_FALLING
RCC.RNGFreq_Value=32000
File.Version=6
VP_SYS_VS_Systick.Mode=SysTick
NVIC.NonMaskableInt_IRQn=true\:0\:0\:false\:false\:true\:false\:false
RCC.PLLRCLKFreq_Value=16000000
NVIC.PendSV_IRQn=true\:0\:0\:false\:false\:true\:false\:false
PB0-VDD_TCXO.Signal=VDDTCXO
PA13.Mode=Serial_Wire
ProjectManager.FreePins=false
RCC.IPParameters=FamilyName,HSE_VALUE,HSI_VALUE,I2S2Freq_Value,LSCOPinFreq_Value,LSE_VALUE,PLLPoutputFreq_Value,PLLQoutputFreq_Value,PLLRCLKFreq_Value,RNGFreq_Value,VCOInputFreq_Value,VCOOutputFreq_Value
ProjectManager.AskForMigrate=true
Mcu.Name=STM32WLE5JCIx
ProjectManager.HalAssertFull=false
ProjectManager.ProjectName=LoRa_E5_LED_BUTTON
ProjectManager.UnderRoot=true
PA0.Signal=GPXTI0
ProjectManager.CoupleFile=true
NVIC.EXTI0_IRQn=true\:0\:0\:false\:false\:true\:true\:true
Mcu.Package=UFBGA73
PB5.Signal=GPIO_Output
RCC.I2S2Freq_Value=16000000
NVIC.ForceEnableDMAVector=true
KeepUserPlacement=false
OSC_IN.Mode=HSE-TCXO
PB5.GPIO_PuPd=GPIO_NOPULL
NVIC.MemoryManagement_IRQn=true\:0\:0\:false\:false\:true\:false\:false
ProjectManager.CompilerOptimize=6
PA0.GPIO_PuPd=GPIO_PULLUP
ProjectManager.ToolChainLocation=
VP_SYS_VS_Systick.Signal=SYS_VS_Systick
SH.GPXTI0.0=GPIO_EXTI0
RCC.LSCOPinFreq_Value=32000
PA14.Signal=DEBUG_JTCK-SWCLK
ProjectManager.HeapSize=0x200
PCC.SUBGHZ.Modulation=FSK
PA0.GPIOParameters=GPIO_PuPd,GPIO_Label,GPIO_ModeDefaultEXTI
NVIC.HardFault_IRQn=true\:0\:0\:false\:false\:true\:false\:false
ProjectManager.ComputerToolchain=false
RCC.HSI_VALUE=16000000
NVIC.PriorityGroup=NVIC_PRIORITYGROUP_4
PB5.GPIO_Label=LED
RCC.PLLPoutputFreq_Value=16000000
NVIC.BusFault_IRQn=true\:0\:0\:false\:false\:true\:false\:false
ProjectManager.CustomerFirmwarePackage=
ProjectManager.DeviceId=STM32WLE5JCIx
ProjectManager.LibraryCopy=1
PCC.SUBGHZ.PowerAmplifier=Low Power
isbadioc=false
